{
  "version": 4,
  "terraform_version": "1.10.5",
  "serial": 4,
  "lineage": "cb051fd1-6f48-3531-3e16-a7e3f71181f8",
  "outputs": {},
  "resources": [
    {
      "mode": "managed",
      "type": "esxi_guest",
      "name": "vms",
      "provider": "provider[\"registry.terraform.io/josenk/esxi\"]",
      "instances": [
        {
          "index_key": 0,
          "schema_version": 0,
          "attributes": {
            "boot_disk_size": null,
            "boot_disk_type": "thin",
            "boot_firmware": "bios",
            "clone_from_vm": null,
            "disk_store": "Datastore01",
            "guest_name": "webserver6",
            "guest_shutdown_timeout": 20,
            "guest_startup_timeout": 120,
            "guestinfo": {
              "metadata": "I2Nsb3VkLWNvbmZpZw0KbG9jYWwtaG9zdG5hbWU6ICR7aG9zdG5hbWV9DQo=",
              "metadata.encoding": "base64",
              "userdata": "I2Nsb3VkLWNvbmZpZw0KcGFja2FnZXM6DQogIC0gd2dldA0KICAtIG50cGRhdGUNCg0KdXNlcnM6DQogIC0gbmFtZTogd2VidXNlcg0KICAgIHN1ZG86IEFMTD0oQUxMKSBOT1BBU1NXRDpBTEwNCiAgICBncm91cHM6IHN1ZG8NCiAgICBzaGVsbDogL2Jpbi9iYXNoDQogICAgbG9ja19wYXNzd2Q6IGZhbHNlDQogICAgc3NoX2F1dGhvcml6ZWRfa2V5czoNCiAgICAgIC0gInNzaC1lZDI1NTE5IEFBQUFDM056YUMxbFpESTFOVEU1QUFBQUlMOFZkelpSUDhORDFpbDdsK09zaG9ueXVwdFFsb0tRTXJoalM3ZjY3bHVuIg0KDQoNCg0K",
              "userdata.encoding": "base64"
            },
            "guestos": "ubuntu-64",
            "host_ovf": null,
            "id": "19",
            "ip_address": "192.168.1.117",
            "memsize": "2048",
            "network_interfaces": [
              {
                "mac_address": "",
                "nic_type": "e1000",
                "virtual_network": "VM Network"
              }
            ],
            "notes": "",
            "numvcpus": "2",
            "ovf_properties": [],
            "ovf_properties_timer": 90,
            "ovf_source": "https://cloud-images.ubuntu.com/releases/24.04/release/ubuntu-24.04-server-cloudimg-amd64.ova",
            "power": "on",
            "resource_pool_name": "/",
            "virthwver": "10",
            "virtual_disks": []
          },
          "sensitive_attributes": [],
          "private": "bnVsbA=="
        },
        {
          "index_key": 1,
          "schema_version": 0,
          "attributes": {
            "boot_disk_size": null,
            "boot_disk_type": "thin",
            "boot_firmware": "bios",
            "clone_from_vm": null,
            "disk_store": "Datastore01",
            "guest_name": "database3",
            "guest_shutdown_timeout": 20,
            "guest_startup_timeout": 120,
            "guestinfo": {
              "metadata": "I2Nsb3VkLWNvbmZpZw0KbG9jYWwtaG9zdG5hbWU6ICR7aG9zdG5hbWV9DQo=",
              "metadata.encoding": "base64",
              "userdata": "I2Nsb3VkLWNvbmZpZw0KcGFja2FnZXM6DQogIC0gd2dldA0KICAtIG50cGRhdGUNCg0KdXNlcnM6DQogIC0gbmFtZTogd2VidXNlcg0KICAgIHN1ZG86IEFMTD0oQUxMKSBOT1BBU1NXRDpBTEwNCiAgICBncm91cHM6IHN1ZG8NCiAgICBzaGVsbDogL2Jpbi9iYXNoDQogICAgbG9ja19wYXNzd2Q6IGZhbHNlDQogICAgc3NoX2F1dGhvcml6ZWRfa2V5czoNCiAgICAgIC0gInNzaC1lZDI1NTE5IEFBQUFDM056YUMxbFpESTFOVEU1QUFBQUlMOFZkelpSUDhORDFpbDdsK09zaG9ueXVwdFFsb0tRTXJoalM3ZjY3bHVuIg0KDQoNCg0K",
              "userdata.encoding": "base64"
            },
            "guestos": "ubuntu-64",
            "host_ovf": null,
            "id": "18",
            "ip_address": "192.168.1.116",
            "memsize": "2048",
            "network_interfaces": [
              {
                "mac_address": "",
                "nic_type": "e1000",
                "virtual_network": "VM Network"
              }
            ],
            "notes": "",
            "numvcpus": "2",
            "ovf_properties": [],
            "ovf_properties_timer": 90,
            "ovf_source": "https://cloud-images.ubuntu.com/releases/24.04/release/ubuntu-24.04-server-cloudimg-amd64.ova",
            "power": "on",
            "resource_pool_name": "/",
            "virthwver": "10",
            "virtual_disks": []
          },
          "sensitive_attributes": [],
          "private": "bnVsbA=="
        }
      ]
    },
    {
      "mode": "managed",
      "type": "local_file",
      "name": "inventory",
      "provider": "provider[\"registry.terraform.io/hashicorp/local\"]",
      "instances": [
        {
          "schema_version": 0,
          "attributes": {
            "content": "[webservers]\r\nwebserver ansible_host=192.168.1.117 ansible_user=webuser ansible_ssh_private_key_file=~/.ssh/skylab\r\n\r\n[database]\r\ndatabase ansible_host=192.168.1.116 ansible_user=webuser ansible_ssh_private_key_file=~/.ssh/skylab\r\n",
            "content_base64": null,
            "content_base64sha256": "7A7P61jE3hMj+b29R21oDLOGaSjbdnCKe7Va3OBGeIA=",
            "content_base64sha512": "MB0BSTiBKsPbnXfMvcwQ52V2HiRxUgkW6FSaFtYAILFCxQBxIHN+whf3DDL2oN8mk4Hf9zStRLSrc/p5BU+MBQ==",
            "content_md5": "43f5c66d0b44cc3dea85bb972168a4a7",
            "content_sha1": "b47d42db4d12a1a3ff67bb87bf447916ada3b3f6",
            "content_sha256": "ec0ecfeb58c4de1323f9bdbd476d680cb3866928db76708a7bb55adce0467880",
            "content_sha512": "301d014938812ac3db9d77ccbdcc10e765761e2471520916e8549a16d60020b142c5007120737ec217f70c32f6a0df269381dff734ad44b4ab73fa79054f8c05",
            "directory_permission": "0777",
            "file_permission": "0777",
            "filename": "inventory.ini",
            "id": "b47d42db4d12a1a3ff67bb87bf447916ada3b3f6",
            "sensitive_content": null,
            "source": null
          },
          "sensitive_attributes": [
            [
              {
                "type": "get_attr",
                "value": "sensitive_content"
              }
            ]
          ],
          "dependencies": [
            "esxi_guest.vms"
          ]
        }
      ]
    }
  ],
  "check_results": null
}
